
Microsoft Visual Studio Solution File, Format Version 12.00
# Visual Studio Version 17
VisualStudioVersion = 17.9.34723.18
MinimumVisualStudioVersion = 10.0.40219.1
Project("{888888A0-9F3D-457C-B088-3A5042F75D52}") = "newRobotMoving", "newRobotMoving.pyproj", "{65DA6C89-0033-4B13-A93D-99D942068CA7}"
EndProject
Global
	GlobalSection(SolutionConfigurationPlatforms) = preSolution
		Debug|Any CPU = Debug|Any CPU
		Release|Any CPU = Release|Any CPU
	EndGlobalSection
	GlobalSection(ProjectConfigurationPlatforms) = postSolution
		{65DA6C89-0033-4B13-A93D-99D942068CA7}.Debug|Any CPU.ActiveCfg = Debug|Any CPU
		{65DA6C89-0033-4B13-A93D-99D942068CA7}.Release|Any CPU.ActiveCfg = Release|Any CPU
	EndGlobalSection
	GlobalSection(SolutionProperties) = preSolution
		HideSolutionNode = FALSE
	EndGlobalSection
	GlobalSection(ExtensibilityGlobals) = postSolution
		SolutionGuid = {56E8F596-6275-4A27-B06E-693D1CCF8F8D}
	EndGlobalSection
EndGlobal
