
Microsoft Visual Studio Solution File, Format Version 12.00
# Visual Studio Version 17
VisualStudioVersion = 17.7.34202.233
MinimumVisualStudioVersion = 10.0.40219.1
Project("{8BC9CEB8-8B4A-11D0-8D11-00A0C91BC942}") = "CLab6", "CLab6\CLab6.vcxproj", "{D2D775B1-137B-4DEB-82A6-3AF97F2C7198}"
EndProject
Global
	GlobalSection(SolutionConfigurationPlatforms) = preSolution
		Debug|x64 = Debug|x64
		Debug|x86 = Debug|x86
		Release|x64 = Release|x64
		Release|x86 = Release|x86
	EndGlobalSection
	GlobalSection(ProjectConfigurationPlatforms) = postSolution
		{D2D775B1-137B-4DEB-82A6-3AF97F2C7198}.Debug|x64.ActiveCfg = Debug|x64
		{D2D775B1-137B-4DEB-82A6-3AF97F2C7198}.Debug|x64.Build.0 = Debug|x64
		{D2D775B1-137B-4DEB-82A6-3AF97F2C7198}.Debug|x86.ActiveCfg = Debug|Win32
		{D2D775B1-137B-4DEB-82A6-3AF97F2C7198}.Debug|x86.Build.0 = Debug|Win32
		{D2D775B1-137B-4DEB-82A6-3AF97F2C7198}.Release|x64.ActiveCfg = Release|x64
		{D2D775B1-137B-4DEB-82A6-3AF97F2C7198}.Release|x64.Build.0 = Release|x64
		{D2D775B1-137B-4DEB-82A6-3AF97F2C7198}.Release|x86.ActiveCfg = Release|Win32
		{D2D775B1-137B-4DEB-82A6-3AF97F2C7198}.Release|x86.Build.0 = Release|Win32
	EndGlobalSection
	GlobalSection(SolutionProperties) = preSolution
		HideSolutionNode = FALSE
	EndGlobalSection
	GlobalSection(ExtensibilityGlobals) = postSolution
		SolutionGuid = {6A064E91-538A-4CDA-A65B-4B44E2352443}
	EndGlobalSection
EndGlobal
