
Microsoft Visual Studio Solution File, Format Version 12.00
# Visual Studio Version 17
VisualStudioVersion = 17.8.34309.116
MinimumVisualStudioVersion = 10.0.40219.1
Project("{8BC9CEB8-8B4A-11D0-8D11-00A0C91BC942}") = "diijkstras_algorithm", "diijkstras_algorithm.vcxproj", "{8DF9846E-CCC3-45EC-A0E7-46D2E3FDE148}"
EndProject
Global
	GlobalSection(SolutionConfigurationPlatforms) = preSolution
		Debug|x64 = Debug|x64
		Debug|x86 = Debug|x86
		Release|x64 = Release|x64
		Release|x86 = Release|x86
	EndGlobalSection
	GlobalSection(ProjectConfigurationPlatforms) = postSolution
		{8DF9846E-CCC3-45EC-A0E7-46D2E3FDE148}.Debug|x64.ActiveCfg = Debug|x64
		{8DF9846E-CCC3-45EC-A0E7-46D2E3FDE148}.Debug|x64.Build.0 = Debug|x64
		{8DF9846E-CCC3-45EC-A0E7-46D2E3FDE148}.Debug|x86.ActiveCfg = Debug|Win32
		{8DF9846E-CCC3-45EC-A0E7-46D2E3FDE148}.Debug|x86.Build.0 = Debug|Win32
		{8DF9846E-CCC3-45EC-A0E7-46D2E3FDE148}.Release|x64.ActiveCfg = Release|x64
		{8DF9846E-CCC3-45EC-A0E7-46D2E3FDE148}.Release|x64.Build.0 = Release|x64
		{8DF9846E-CCC3-45EC-A0E7-46D2E3FDE148}.Release|x86.ActiveCfg = Release|Win32
		{8DF9846E-CCC3-45EC-A0E7-46D2E3FDE148}.Release|x86.Build.0 = Release|Win32
	EndGlobalSection
	GlobalSection(SolutionProperties) = preSolution
		HideSolutionNode = FALSE
	EndGlobalSection
	GlobalSection(ExtensibilityGlobals) = postSolution
		SolutionGuid = {8553A737-748E-4CDD-8E5B-AD7F419B6CA0}
	EndGlobalSection
EndGlobal
