
Microsoft Visual Studio Solution File, Format Version 12.00
# Visual Studio Version 17
VisualStudioVersion = 17.8.34309.116
MinimumVisualStudioVersion = 10.0.40219.1
Project("{8BC9CEB8-8B4A-11D0-8D11-00A0C91BC942}") = "CPPLab11", "CPPLab11\CPPLab11.vcxproj", "{9F04D050-66F4-4059-B144-462FA23597EA}"
EndProject
Global
	GlobalSection(SolutionConfigurationPlatforms) = preSolution
		Debug|x64 = Debug|x64
		Debug|x86 = Debug|x86
		Release|x64 = Release|x64
		Release|x86 = Release|x86
	EndGlobalSection
	GlobalSection(ProjectConfigurationPlatforms) = postSolution
		{9F04D050-66F4-4059-B144-462FA23597EA}.Debug|x64.ActiveCfg = Debug|x64
		{9F04D050-66F4-4059-B144-462FA23597EA}.Debug|x64.Build.0 = Debug|x64
		{9F04D050-66F4-4059-B144-462FA23597EA}.Debug|x86.ActiveCfg = Debug|Win32
		{9F04D050-66F4-4059-B144-462FA23597EA}.Debug|x86.Build.0 = Debug|Win32
		{9F04D050-66F4-4059-B144-462FA23597EA}.Release|x64.ActiveCfg = Release|x64
		{9F04D050-66F4-4059-B144-462FA23597EA}.Release|x64.Build.0 = Release|x64
		{9F04D050-66F4-4059-B144-462FA23597EA}.Release|x86.ActiveCfg = Release|Win32
		{9F04D050-66F4-4059-B144-462FA23597EA}.Release|x86.Build.0 = Release|Win32
	EndGlobalSection
	GlobalSection(SolutionProperties) = preSolution
		HideSolutionNode = FALSE
	EndGlobalSection
	GlobalSection(ExtensibilityGlobals) = postSolution
		SolutionGuid = {DD5127DC-7895-4B39-946E-2D1F1F58DEF6}
	EndGlobalSection
EndGlobal
